// !$*UTF8*$!
{
	archiveVersion = 1;
	classes = {
	};
	objectVersion = 56;
	objects = {

/* Begin PBXBuildFile section */
		6E4031792AF92DE800633FB9 /* Swift_UI_PWApp.swift in Sources */ = {isa = PBXBuildFile; fileRef = 6E40316C2AF92DE800633FB9 /* Swift_UI_PWApp.swift */; };
		6E40317A2AF92DE800633FB9 /* ContentView.swift in Sources */ = {isa = PBXBuildFile; fileRef = 6E40316D2AF92DE800633FB9 /* ContentView.swift */; };
		6E40317B2AF92DE800633FB9 /* Actor.swift in Sources */ = {isa = PBXBuildFile; fileRef = 6E40316E2AF92DE800633FB9 /* Actor.swift */; };
		6E40317C2AF92DE800633FB9 /* Nowplaying.swift in Sources */ = {isa = PBXBuildFile; fileRef = 6E40316F2AF92DE800633FB9 /* Nowplaying.swift */; };
		6E40317D2AF92DE800633FB9 /* TabView2.swift in Sources */ = {isa = PBXBuildFile; fileRef = 6E4031702AF92DE800633FB9 /* TabView2.swift */; };
		6E40317E2AF92DE800633FB9 /* SwiftUIView.swift in Sources */ = {isa = PBXBuildFile; fileRef = 6E4031712AF92DE800633FB9 /* SwiftUIView.swift */; };
		6E40317F2AF92DE800633FB9 /* Movie.swift in Sources */ = {isa = PBXBuildFile; fileRef = 6E4031722AF92DE800633FB9 /* Movie.swift */; };
		6E4031802AF92DE800633FB9 /* MovieRow.swift in Sources */ = {isa = PBXBuildFile; fileRef = 6E4031732AF92DE800633FB9 /* MovieRow.swift */; };
		6E4031812AF92DE800633FB9 /* Assets.xcassets in Resources */ = {isa = PBXBuildFile; fileRef = 6E4031742AF92DE800633FB9 /* Assets.xcassets */; };
		6E4031822AF92DE800633FB9 /* PageActors.swift in Sources */ = {isa = PBXBuildFile; fileRef = 6E4031752AF92DE800633FB9 /* PageActors.swift */; };
		6E4031832AF92DE800633FB9 /* Preview Assets.xcassets in Resources */ = {isa = PBXBuildFile; fileRef = 6E4031772AF92DE800633FB9 /* Preview Assets.xcassets */; };
		6E4031842AF92DE800633FB9 /* ActorRow.swift in Sources */ = {isa = PBXBuildFile; fileRef = 6E4031782AF92DE800633FB9 /* ActorRow.swift */; };
/* End PBXBuildFile section */

/* Begin PBXFileReference section */
		6E40316C2AF92DE800633FB9 /* Swift_UI_PWApp.swift */ = {isa = PBXFileReference; fileEncoding = 4; lastKnownFileType = sourcecode.swift; path = Swift_UI_PWApp.swift; sourceTree = "<group>"; };
		6E40316D2AF92DE800633FB9 /* ContentView.swift */ = {isa = PBXFileReference; fileEncoding = 4; lastKnownFileType = sourcecode.swift; path = ContentView.swift; sourceTree = "<group>"; };
		6E40316E2AF92DE800633FB9 /* Actor.swift */ = {isa = PBXFileReference; fileEncoding = 4; lastKnownFileType = sourcecode.swift; path = Actor.swift; sourceTree = "<group>"; };
		6E40316F2AF92DE800633FB9 /* Nowplaying.swift */ = {isa = PBXFileReference; fileEncoding = 4; lastKnownFileType = sourcecode.swift; path = Nowplaying.swift; sourceTree = "<group>"; };
		6E4031702AF92DE800633FB9 /* TabView2.swift */ = {isa = PBXFileReference; fileEncoding = 4; lastKnownFileType = sourcecode.swift; path = TabView2.swift; sourceTree = "<group>"; };
		6E4031712AF92DE800633FB9 /* SwiftUIView.swift */ = {isa = PBXFileReference; fileEncoding = 4; lastKnownFileType = sourcecode.swift; path = SwiftUIView.swift; sourceTree = "<group>"; };
		6E4031722AF92DE800633FB9 /* Movie.swift */ = {isa = PBXFileReference; fileEncoding = 4; lastKnownFileType = sourcecode.swift; path = Movie.swift; sourceTree = "<group>"; };
		6E4031732AF92DE800633FB9 /* MovieRow.swift */ = {isa = PBXFileReference; fileEncoding = 4; lastKnownFileType = sourcecode.swift; path = MovieRow.swift; sourceTree = "<group>"; };
		6E4031742AF92DE800633FB9 /* Assets.xcassets */ = {isa = PBXFileReference; lastKnownFileType = folder.assetcatalog; path = Assets.xcassets; sourceTree = "<group>"; };
		6E4031752AF92DE800633FB9 /* PageActors.swift */ = {isa = PBXFileReference; fileEncoding = 4; lastKnownFileType = sourcecode.swift; path = PageActors.swift; sourceTree = "<group>"; };
		6E4031772AF92DE800633FB9 /* Preview Assets.xcassets */ = {isa = PBXFileReference; lastKnownFileType = folder.assetcatalog; path = "Preview Assets.xcassets"; sourceTree = "<group>"; };
		6E4031782AF92DE800633FB9 /* ActorRow.swift */ = {isa = PBXFileReference; fileEncoding = 4; lastKnownFileType = sourcecode.swift; path = ActorRow.swift; sourceTree = "<group>"; };
		6E9787142AEA9DA100C5F768 /* Swift UI PW.app */ = {isa = PBXFileReference; explicitFileType = wrapper.application; includeInIndex = 0; path = "Swift UI PW.app"; sourceTree = BUILT_PRODUCTS_DIR; };
/* End PBXFileReference section */

/* Begin PBXFrameworksBuildPhase section */
		6E9787112AEA9DA100C5F768 /* Frameworks */ = {
			isa = PBXFrameworksBuildPhase;
			buildActionMask = 2147483647;
			files = (
			);
			runOnlyForDeploymentPostprocessing = 0;
		};
/* End PBXFrameworksBuildPhase section */

/* Begin PBXGroup section */
		6E4031762AF92DE800633FB9 /* Preview Content */ = {
			isa = PBXGroup;
			children = (
				6E4031772AF92DE800633FB9 /* Preview Assets.xcassets */,
			);
			path = "Preview Content";
			sourceTree = "<group>";
		};
		6E97870B2AEA9DA100C5F768 = {
			isa = PBXGroup;
			children = (
				6E9787162AEA9DA100C5F768 /* Swift UI PW */,
				6E9787152AEA9DA100C5F768 /* Products */,
			);
			sourceTree = "<group>";
		};
		6E9787152AEA9DA100C5F768 /* Products */ = {
			isa = PBXGroup;
			children = (
				6E9787142AEA9DA100C5F768 /* Swift UI PW.app */,
			);
			name = Products;
			sourceTree = "<group>";
		};
		6E9787162AEA9DA100C5F768 /* Swift UI PW */ = {
			isa = PBXGroup;
			children = (
				6E40316E2AF92DE800633FB9 /* Actor.swift */,
				6E4031782AF92DE800633FB9 /* ActorRow.swift */,
				6E4031742AF92DE800633FB9 /* Assets.xcassets */,
				6E40316D2AF92DE800633FB9 /* ContentView.swift */,
				6E4031722AF92DE800633FB9 /* Movie.swift */,
				6E4031732AF92DE800633FB9 /* MovieRow.swift */,
				6E40316F2AF92DE800633FB9 /* Nowplaying.swift */,
				6E4031752AF92DE800633FB9 /* PageActors.swift */,
				6E4031762AF92DE800633FB9 /* Preview Content */,
				6E40316C2AF92DE800633FB9 /* Swift_UI_PWApp.swift */,
				6E4031712AF92DE800633FB9 /* SwiftUIView.swift */,
				6E4031702AF92DE800633FB9 /* TabView2.swift */,
			);
			path = "Swift UI PW";
			sourceTree = "<group>";
		};
/* End PBXGroup section */

/* Begin PBXNativeTarget section */
		6E9787132AEA9DA100C5F768 /* Swift UI PW */ = {
			isa = PBXNativeTarget;
			buildConfigurationList = 6E9787222AEA9DA300C5F768 /* Build configuration list for PBXNativeTarget "Swift UI PW" */;
			buildPhases = (
				6E9787102AEA9DA100C5F768 /* Sources */,
				6E9787112AEA9DA100C5F768 /* Frameworks */,
				6E9787122AEA9DA100C5F768 /* Resources */,
			);
			buildRules = (
			);
			dependencies = (
			);
			name = "Swift UI PW";
			productName = "Swift UI PW";
			productReference = 6E9787142AEA9DA100C5F768 /* Swift UI PW.app */;
			productType = "com.apple.product-type.application";
		};
/* End PBXNativeTarget section */

/* Begin PBXProject section */
		6E97870C2AEA9DA100C5F768 /* Project object */ = {
			isa = PBXProject;
			attributes = {
				BuildIndependentTargetsInParallel = 1;
				LastSwiftUpdateCheck = 1500;
				LastUpgradeCheck = 1500;
				TargetAttributes = {
					6E9787132AEA9DA100C5F768 = {
						CreatedOnToolsVersion = 15.0;
					};
				};
			};
			buildConfigurationList = 6E97870F2AEA9DA100C5F768 /* Build configuration list for PBXProject "Swift UI PW 2" */;
			compatibilityVersion = "Xcode 14.0";
			developmentRegion = en;
			hasScannedForEncodings = 0;
			knownRegions = (
				en,
				Base,
			);
			mainGroup = 6E97870B2AEA9DA100C5F768;
			productRefGroup = 6E9787152AEA9DA100C5F768 /* Products */;
			projectDirPath = "";
			projectRoot = "";
			targets = (
				6E9787132AEA9DA100C5F768 /* Swift UI PW */,
			);
		};
/* End PBXProject section */

/* Begin PBXResourcesBuildPhase section */
		6E9787122AEA9DA100C5F768 /* Resources */ = {
			isa = PBXResourcesBuildPhase;
			buildActionMask = 2147483647;
			files = (
				6E4031832AF92DE800633FB9 /* Preview Assets.xcassets in Resources */,
				6E4031812AF92DE800633FB9 /* Assets.xcassets in Resources */,
			);
			runOnlyForDeploymentPostprocessing = 0;
		};
/* End PBXResourcesBuildPhase section */

/* Begin PBXSourcesBuildPhase section */
		6E9787102AEA9DA100C5F768 /* Sources */ = {
			isa = PBXSourcesBuildPhase;
			buildActionMask = 2147483647;
			files = (
				6E40317D2AF92DE800633FB9 /* TabView2.swift in Sources */,
				6E4031822AF92DE800633FB9 /* PageActors.swift in Sources */,
				6E40317A2AF92DE800633FB9 /* ContentView.swift in Sources */,
				6E40317C2AF92DE800633FB9 /* Nowplaying.swift in Sources */,
				6E40317B2AF92DE800633FB9 /* Actor.swift in Sources */,
				6E4031802AF92DE800633FB9 /* MovieRow.swift in Sources */,
				6E40317F2AF92DE800633FB9 /* Movie.swift in Sources */,
				6E4031842AF92DE800633FB9 /* ActorRow.swift in Sources */,
				6E4031792AF92DE800633FB9 /* Swift_UI_PWApp.swift in Sources */,
				6E40317E2AF92DE800633FB9 /* SwiftUIView.swift in Sources */,
			);
			runOnlyForDeploymentPostprocessing = 0;
		};
/* End PBXSourcesBuildPhase section */

/* Begin XCBuildConfiguration section */
		6E9787202AEA9DA300C5F768 /* Debug */ = {
			isa = XCBuildConfiguration;
			buildSettings = {
				ALWAYS_SEARCH_USER_PATHS = NO;
				ASSETCATALOG_COMPILER_GENERATE_SWIFT_ASSET_SYMBOL_EXTENSIONS = YES;
				CLANG_ANALYZER_NONNULL = YES;
				CLANG_ANALYZER_NUMBER_OBJECT_CONVERSION = YES_AGGRESSIVE;
				CLANG_CXX_LANGUAGE_STANDARD = "gnu++20";
				CLANG_ENABLE_MODULES = YES;
				CLANG_ENABLE_OBJC_ARC = YES;
				CLANG_ENABLE_OBJC_WEAK = YES;
				CLANG_WARN_BLOCK_CAPTURE_AUTORELEASING = YES;
				CLANG_WARN_BOOL_CONVERSION = YES;
				CLANG_WARN_COMMA = YES;
				CLANG_WARN_CONSTANT_CONVERSION = YES;
				CLANG_WARN_DEPRECATED_OBJC_IMPLEMENTATIONS = YES;
				CLANG_WARN_DIRECT_OBJC_ISA_USAGE = YES_ERROR;
				CLANG_WARN_DOCUMENTATION_COMMENTS = YES;
				CLANG_WARN_EMPTY_BODY = YES;
				CLANG_WARN_ENUM_CONVERSION = YES;
				CLANG_WARN_INFINITE_RECURSION = YES;
				CLANG_WARN_INT_CONVERSION = YES;
				CLANG_WARN_NON_LITERAL_NULL_CONVERSION = YES;
				CLANG_WARN_OBJC_IMPLICIT_RETAIN_SELF = YES;
				CLANG_WARN_OBJC_LITERAL_CONVERSION = YES;
				CLANG_WARN_OBJC_ROOT_CLASS = YES_ERROR;
				CLANG_WARN_QUOTED_INCLUDE_IN_FRAMEWORK_HEADER = YES;
				CLANG_WARN_RANGE_LOOP_ANALYSIS = YES;
				CLANG_WARN_STRICT_PROTOTYPES = YES;
				CLANG_WARN_SUSPICIOUS_MOVE = YES;
				CLANG_WARN_UNGUARDED_AVAILABILITY = YES_AGGRESSIVE;
				CLANG_WARN_UNREACHABLE_CODE = YES;
				CLANG_WARN__DUPLICATE_METHOD_MATCH = YES;
				COPY_PHASE_STRIP = NO;
				DEBUG_INFORMATION_FORMAT = dwarf;
				ENABLE_STRICT_OBJC_MSGSEND = YES;
				ENABLE_TESTABILITY = YES;
				ENABLE_USER_SCRIPT_SANDBOXING = YES;
				GCC_C_LANGUAGE_STANDARD = gnu17;
				GCC_DYNAMIC_NO_PIC = NO;
				GCC_NO_COMMON_BLOCKS = YES;
				GCC_OPTIMIZATION_LEVEL = 0;
				GCC_PREPROCESSOR_DEFINITIONS = (
					"DEBUG=1",
					"$(inherited)",
				);
				GCC_WARN_64_TO_32_BIT_CONVERSION = YES;
				GCC_WARN_ABOUT_RETURN_TYPE = YES_ERROR;
				GCC_WARN_UNDECLARED_SELECTOR = YES;
				GCC_WARN_UNINITIALIZED_AUTOS = YES_AGGRESSIVE;
				GCC_WARN_UNUSED_FUNCTION = YES;
				GCC_WARN_UNUSED_VARIABLE = YES;
				IPHONEOS_DEPLOYMENT_TARGET = 17.0;
				LOCALIZATION_PREFERS_STRING_CATALOGS = YES;
				MTL_ENABLE_DEBUG_INFO = INCLUDE_SOURCE;
				MTL_FAST_MATH = YES;
				ONLY_ACTIVE_ARCH = YES;
				SDKROOT = iphoneos;
				SWIFT_ACTIVE_COMPILATION_CONDITIONS = "DEBUG $(inherited)";
				SWIFT_OPTIMIZATION_LEVEL = "-Onone";
			};
			name = Debug;
		};
		6E9787212AEA9DA300C5F768 /* Release */ = {
			isa = XCBuildConfiguration;
			buildSettings = {
				ALWAYS_SEARCH_USER_PATHS = NO;
				ASSETCATALOG_COMPILER_GENERATE_SWIFT_ASSET_SYMBOL_EXTENSIONS = YES;
				CLANG_ANALYZER_NONNULL = YES;
				CLANG_ANALYZER_NUMBER_OBJECT_CONVERSION = YES_AGGRESSIVE;
				CLANG_CXX_LANGUAGE_STANDARD = "gnu++20";
				CLANG_ENABLE_MODULES = YES;
				CLANG_ENABLE_OBJC_ARC = YES;
				CLANG_ENABLE_OBJC_WEAK = YES;
				CLANG_WARN_BLOCK_CAPTURE_AUTORELEASING = YES;
				CLANG_WARN_BOOL_CONVERSION = YES;
				CLANG_WARN_COMMA = YES;
				CLANG_WARN_CONSTANT_CONVERSION = YES;
				CLANG_WARN_DEPRECATED_OBJC_IMPLEMENTATIONS = YES;
				CLANG_WARN_DIRECT_OBJC_ISA_USAGE = YES_ERROR;
				CLANG_WARN_DOCUMENTATION_COMMENTS = YES;
				CLANG_WARN_EMPTY_BODY = YES;
				CLANG_WARN_ENUM_CONVERSION = YES;
				CLANG_WARN_INFINITE_RECURSION = YES;
				CLANG_WARN_INT_CONVERSION = YES;
				CLANG_WARN_NON_LITERAL_NULL_CONVERSION = YES;
				CLANG_WARN_OBJC_IMPLICIT_RETAIN_SELF = YES;
				CLANG_WARN_OBJC_LITERAL_CONVERSION = YES;
				CLANG_WARN_OBJC_ROOT_CLASS = YES_ERROR;
				CLANG_WARN_QUOTED_INCLUDE_IN_FRAMEWORK_HEADER = YES;
				CLANG_WARN_RANGE_LOOP_ANALYSIS = YES;
				CLANG_WARN_STRICT_PROTOTYPES = YES;
				CLANG_WARN_SUSPICIOUS_MOVE = YES;
				CLANG_WARN_UNGUARDED_AVAILABILITY = YES_AGGRESSIVE;
				CLANG_WARN_UNREACHABLE_CODE = YES;
				CLANG_WARN__DUPLICATE_METHOD_MATCH = YES;
				COPY_PHASE_STRIP = NO;
				DEBUG_INFORMATION_FORMAT = "dwarf-with-dsym";
				ENABLE_NS_ASSERTIONS = NO;
				ENABLE_STRICT_OBJC_MSGSEND = YES;
				ENABLE_USER_SCRIPT_SANDBOXING = YES;
				GCC_C_LANGUAGE_STANDARD = gnu17;
				GCC_NO_COMMON_BLOCKS = YES;
				GCC_WARN_64_TO_32_BIT_CONVERSION = YES;
				GCC_WARN_ABOUT_RETURN_TYPE = YES_ERROR;
				GCC_WARN_UNDECLARED_SELECTOR = YES;
				GCC_WARN_UNINITIALIZED_AUTOS = YES_AGGRESSIVE;
				GCC_WARN_UNUSED_FUNCTION = YES;
				GCC_WARN_UNUSED_VARIABLE = YES;
				IPHONEOS_DEPLOYMENT_TARGET = 17.0;
				LOCALIZATION_PREFERS_STRING_CATALOGS = YES;
				MTL_ENABLE_DEBUG_INFO = NO;
				MTL_FAST_MATH = YES;
				SDKROOT = iphoneos;
				SWIFT_COMPILATION_MODE = wholemodule;
				VALIDATE_PRODUCT = YES;
			};
			name = Release;
		};
		6E9787232AEA9DA300C5F768 /* Debug */ = {
			isa = XCBuildConfiguration;
			buildSettings = {
				ASSETCATALOG_COMPILER_APPICON_NAME = AppIcon;
				ASSETCATALOG_COMPILER_GLOBAL_ACCENT_COLOR_NAME = AccentColor;
				CODE_SIGN_STYLE = Automatic;
				CURRENT_PROJECT_VERSION = 1;
				DEVELOPMENT_ASSET_PATHS = "\"Swift UI PW/Preview Content\"";
				ENABLE_PREVIEWS = YES;
				GENERATE_INFOPLIST_FILE = YES;
				INFOPLIST_KEY_UIApplicationSceneManifest_Generation = YES;
				INFOPLIST_KEY_UIApplicationSupportsIndirectInputEvents = YES;
				INFOPLIST_KEY_UILaunchScreen_Generation = YES;
				INFOPLIST_KEY_UISupportedInterfaceOrientations_iPad = "UIInterfaceOrientationPortrait UIInterfaceOrientationPortraitUpsideDown UIInterfaceOrientationLandscapeLeft UIInterfaceOrientationLandscapeRight";
				INFOPLIST_KEY_UISupportedInterfaceOrientations_iPhone = "UIInterfaceOrientationPortrait UIInterfaceOrientationLandscapeLeft UIInterfaceOrientationLandscapeRight";
				LD_RUNPATH_SEARCH_PATHS = (
					"$(inherited)",
					"@executable_path/Frameworks",
				);
				MARKETING_VERSION = 1.0;
				PRODUCT_BUNDLE_IDENTIFIER = "com.pierosan.deborah.Swift-UI-PW";
				PRODUCT_NAME = "$(TARGET_NAME)";
				SWIFT_EMIT_LOC_STRINGS = YES;
				SWIFT_VERSION = 5.0;
				TARGETED_DEVICE_FAMILY = "1,2";
			};
			name = Debug;
		};
		6E9787242AEA9DA300C5F768 /* Release */ = {
			isa = XCBuildConfiguration;
			buildSettings = {
				ASSETCATALOG_COMPILER_APPICON_NAME = AppIcon;
				ASSETCATALOG_COMPILER_GLOBAL_ACCENT_COLOR_NAME = AccentColor;
				CODE_SIGN_STYLE = Automatic;
				CURRENT_PROJECT_VERSION = 1;
				DEVELOPMENT_ASSET_PATHS = "\"Swift UI PW/Preview Content\"";
				ENABLE_PREVIEWS = YES;
				GENERATE_INFOPLIST_FILE = YES;
				INFOPLIST_KEY_UIApplicationSceneManifest_Generation = YES;
				INFOPLIST_KEY_UIApplicationSupportsIndirectInputEvents = YES;
				INFOPLIST_KEY_UILaunchScreen_Generation = YES;
				INFOPLIST_KEY_UISupportedInterfaceOrientations_iPad = "UIInterfaceOrientationPortrait UIInterfaceOrientationPortraitUpsideDown UIInterfaceOrientationLandscapeLeft UIInterfaceOrientationLandscapeRight";
				INFOPLIST_KEY_UISupportedInterfaceOrientations_iPhone = "UIInterfaceOrientationPortrait UIInterfaceOrientationLandscapeLeft UIInterfaceOrientationLandscapeRight";
				LD_RUNPATH_SEARCH_PATHS = (
					"$(inherited)",
					"@executable_path/Frameworks",
				);
				MARKETING_VERSION = 1.0;
				PRODUCT_BUNDLE_IDENTIFIER = "com.pierosan.deborah.Swift-UI-PW";
				PRODUCT_NAME = "$(TARGET_NAME)";
				SWIFT_EMIT_LOC_STRINGS = YES;
				SWIFT_VERSION = 5.0;
				TARGETED_DEVICE_FAMILY = "1,2";
			};
			name = Release;
		};
/* End XCBuildConfiguration section */

/* Begin XCConfigurationList section */
		6E97870F2AEA9DA100C5F768 /* Build configuration list for PBXProject "Swift UI PW 2" */ = {
			isa = XCConfigurationList;
			buildConfigurations = (
				6E9787202AEA9DA300C5F768 /* Debug */,
				6E9787212AEA9DA300C5F768 /* Release */,
			);
			defaultConfigurationIsVisible = 0;
			defaultConfigurationName = Release;
		};
		6E9787222AEA9DA300C5F768 /* Build configuration list for PBXNativeTarget "Swift UI PW" */ = {
			isa = XCConfigurationList;
			buildConfigurations = (
				6E9787232AEA9DA300C5F768 /* Debug */,
				6E9787242AEA9DA300C5F768 /* Release */,
			);
			defaultConfigurationIsVisible = 0;
			defaultConfigurationName = Release;
		};
/* End XCConfigurationList section */
	};
	rootObject = 6E97870C2AEA9DA100C5F768 /* Project object */;
}
